
Microsoft Visual Studio Solution File, Format Version 12.00
# Visual Studio Version 16
VisualStudioVersion = 16.0.30320.27
MinimumVisualStudioVersion = 10.0.40219.1
Project("{8BC9CEB8-8B4A-11D0-8D11-00A0C91BC942}") = "DiskToPsn", "DiskToPsn.vcxproj", "{F635DED4-38E4-4E63-8051-ECF04EF065E0}"
EndProject
Project("{8BC9CEB8-8B4A-11D0-8D11-00A0C91BC942}") = "GenLicDat", "GenLicDat.vcxproj", "{F7DED0B0-6BD0-4FBC-9AD0-FD58392B3489}"
EndProject
Project("{8BC9CEB8-8B4A-11D0-8D11-00A0C91BC942}") = "pkg_read_info", "pkg_read_info.vcxproj", "{625AD1F7-AF0B-482F-8CCD-B60F496F4750}"
EndProject
Project("{8BC9CEB8-8B4A-11D0-8D11-00A0C91BC942}") = "pkg_write", "pkg_write.vcxproj", "{98ED9B03-BFCB-448A-9A88-6FB56A50C9DD}"
EndProject
Project("{8BC9CEB8-8B4A-11D0-8D11-00A0C91BC942}") = "read_sfo", "read_sfo.vcxproj", "{0458073A-67CE-4795-9BC9-08BC50E20975}"
EndProject
Project("{8BC9CEB8-8B4A-11D0-8D11-00A0C91BC942}") = "game_resigner", "resigner.vcxproj", "{BD28CF90-4432-47B8-9F4F-10EA2D41475D}"
EndProject
Project("{8BC9CEB8-8B4A-11D0-8D11-00A0C91BC942}") = "PsnStuffToPKGI", "PsnStuffToPKGI.vcxproj", "{58B5D642-3FCA-4BC0-B36A-89C96DC1D6BC}"
EndProject
Project("{8BC9CEB8-8B4A-11D0-8D11-00A0C91BC942}") = "pkg_updater", "updater.vcxproj", "{3EABCFA3-2D59-40D5-BE3A-B286DFBC0978}"
EndProject
Project("{8BC9CEB8-8B4A-11D0-8D11-00A0C91BC942}") = "pkg_downloader", "download.vcxproj", "{8E820670-A841-4283-A5B8-9C0E140A1750}"
EndProject
Project("{8BC9CEB8-8B4A-11D0-8D11-00A0C91BC942}") = "make_npdata", "make_npdata_mod\make_npdata.vcxproj", "{B86E1508-26B6-465B-ABEC-A35E07E2A187}"
EndProject
Project("{8BC9CEB8-8B4A-11D0-8D11-00A0C91BC942}") = "scetool", "scitool_mod\scetool.vcxproj", "{DCBABBE7-62EC-4A0C-BC71-4102C824F26F}"
EndProject
Project("{8BC9CEB8-8B4A-11D0-8D11-00A0C91BC942}") = "pkg_read", "pkg_read\pkg_read.vcxproj", "{D1E45D77-1D09-4C28-8E42-FEA097385BBB}"
EndProject
Project("{8BC9CEB8-8B4A-11D0-8D11-00A0C91BC942}") = "sha1", "sha1.vcxproj", "{A67C2A7E-1383-4F99-AB54-64AEAEA5A410}"
EndProject
Global
	GlobalSection(SolutionConfigurationPlatforms) = preSolution
		Debug|x64 = Debug|x64
		Debug|x86 = Debug|x86
		libnpdata|x64 = libnpdata|x64
		libnpdata|x86 = libnpdata|x86
		pkg_read|x64 = pkg_read|x64
		pkg_read|x86 = pkg_read|x86
		Release|x64 = Release|x64
		Release|x86 = Release|x86
	EndGlobalSection
	GlobalSection(ProjectConfigurationPlatforms) = postSolution
		{F635DED4-38E4-4E63-8051-ECF04EF065E0}.Debug|x64.ActiveCfg = Debug|x64
		{F635DED4-38E4-4E63-8051-ECF04EF065E0}.Debug|x64.Build.0 = Debug|x64
		{F635DED4-38E4-4E63-8051-ECF04EF065E0}.Debug|x86.ActiveCfg = Debug|Win32
		{F635DED4-38E4-4E63-8051-ECF04EF065E0}.Debug|x86.Build.0 = Debug|Win32
		{F635DED4-38E4-4E63-8051-ECF04EF065E0}.libnpdata|x64.ActiveCfg = Release|x64
		{F635DED4-38E4-4E63-8051-ECF04EF065E0}.libnpdata|x64.Build.0 = Release|x64
		{F635DED4-38E4-4E63-8051-ECF04EF065E0}.libnpdata|x86.ActiveCfg = Release|Win32
		{F635DED4-38E4-4E63-8051-ECF04EF065E0}.libnpdata|x86.Build.0 = Release|Win32
		{F635DED4-38E4-4E63-8051-ECF04EF065E0}.pkg_read|x64.ActiveCfg = Release|x64
		{F635DED4-38E4-4E63-8051-ECF04EF065E0}.pkg_read|x64.Build.0 = Release|x64
		{F635DED4-38E4-4E63-8051-ECF04EF065E0}.pkg_read|x86.ActiveCfg = Release|Win32
		{F635DED4-38E4-4E63-8051-ECF04EF065E0}.pkg_read|x86.Build.0 = Release|Win32
		{F635DED4-38E4-4E63-8051-ECF04EF065E0}.Release|x64.ActiveCfg = Release|x64
		{F635DED4-38E4-4E63-8051-ECF04EF065E0}.Release|x64.Build.0 = Release|x64
		{F635DED4-38E4-4E63-8051-ECF04EF065E0}.Release|x86.ActiveCfg = Release|Win32
		{F635DED4-38E4-4E63-8051-ECF04EF065E0}.Release|x86.Build.0 = Release|Win32
		{F7DED0B0-6BD0-4FBC-9AD0-FD58392B3489}.Debug|x64.ActiveCfg = Debug|x64
		{F7DED0B0-6BD0-4FBC-9AD0-FD58392B3489}.Debug|x64.Build.0 = Debug|x64
		{F7DED0B0-6BD0-4FBC-9AD0-FD58392B3489}.Debug|x86.ActiveCfg = Debug|Win32
		{F7DED0B0-6BD0-4FBC-9AD0-FD58392B3489}.Debug|x86.Build.0 = Debug|Win32
		{F7DED0B0-6BD0-4FBC-9AD0-FD58392B3489}.libnpdata|x64.ActiveCfg = Release|x64
		{F7DED0B0-6BD0-4FBC-9AD0-FD58392B3489}.libnpdata|x64.Build.0 = Release|x64
		{F7DED0B0-6BD0-4FBC-9AD0-FD58392B3489}.libnpdata|x86.ActiveCfg = Release|Win32
		{F7DED0B0-6BD0-4FBC-9AD0-FD58392B3489}.libnpdata|x86.Build.0 = Release|Win32
		{F7DED0B0-6BD0-4FBC-9AD0-FD58392B3489}.pkg_read|x64.ActiveCfg = Release|x64
		{F7DED0B0-6BD0-4FBC-9AD0-FD58392B3489}.pkg_read|x64.Build.0 = Release|x64
		{F7DED0B0-6BD0-4FBC-9AD0-FD58392B3489}.pkg_read|x86.ActiveCfg = Release|Win32
		{F7DED0B0-6BD0-4FBC-9AD0-FD58392B3489}.pkg_read|x86.Build.0 = Release|Win32
		{F7DED0B0-6BD0-4FBC-9AD0-FD58392B3489}.Release|x64.ActiveCfg = Release|x64
		{F7DED0B0-6BD0-4FBC-9AD0-FD58392B3489}.Release|x64.Build.0 = Release|x64
		{F7DED0B0-6BD0-4FBC-9AD0-FD58392B3489}.Release|x86.ActiveCfg = Release|Win32
		{F7DED0B0-6BD0-4FBC-9AD0-FD58392B3489}.Release|x86.Build.0 = Release|Win32
		{625AD1F7-AF0B-482F-8CCD-B60F496F4750}.Debug|x64.ActiveCfg = Debug|x64
		{625AD1F7-AF0B-482F-8CCD-B60F496F4750}.Debug|x64.Build.0 = Debug|x64
		{625AD1F7-AF0B-482F-8CCD-B60F496F4750}.Debug|x86.ActiveCfg = Debug|Win32
		{625AD1F7-AF0B-482F-8CCD-B60F496F4750}.Debug|x86.Build.0 = Debug|Win32
		{625AD1F7-AF0B-482F-8CCD-B60F496F4750}.libnpdata|x64.ActiveCfg = Release|x64
		{625AD1F7-AF0B-482F-8CCD-B60F496F4750}.libnpdata|x64.Build.0 = Release|x64
		{625AD1F7-AF0B-482F-8CCD-B60F496F4750}.libnpdata|x86.ActiveCfg = Release|Win32
		{625AD1F7-AF0B-482F-8CCD-B60F496F4750}.libnpdata|x86.Build.0 = Release|Win32
		{625AD1F7-AF0B-482F-8CCD-B60F496F4750}.pkg_read|x64.ActiveCfg = Release|x64
		{625AD1F7-AF0B-482F-8CCD-B60F496F4750}.pkg_read|x64.Build.0 = Release|x64
		{625AD1F7-AF0B-482F-8CCD-B60F496F4750}.pkg_read|x86.ActiveCfg = Release|Win32
		{625AD1F7-AF0B-482F-8CCD-B60F496F4750}.pkg_read|x86.Build.0 = Release|Win32
		{625AD1F7-AF0B-482F-8CCD-B60F496F4750}.Release|x64.ActiveCfg = Release|x64
		{625AD1F7-AF0B-482F-8CCD-B60F496F4750}.Release|x64.Build.0 = Release|x64
		{625AD1F7-AF0B-482F-8CCD-B60F496F4750}.Release|x86.ActiveCfg = Release|Win32
		{625AD1F7-AF0B-482F-8CCD-B60F496F4750}.Release|x86.Build.0 = Release|Win32
		{98ED9B03-BFCB-448A-9A88-6FB56A50C9DD}.Debug|x64.ActiveCfg = Debug|x64
		{98ED9B03-BFCB-448A-9A88-6FB56A50C9DD}.Debug|x64.Build.0 = Debug|x64
		{98ED9B03-BFCB-448A-9A88-6FB56A50C9DD}.Debug|x86.ActiveCfg = Debug|Win32
		{98ED9B03-BFCB-448A-9A88-6FB56A50C9DD}.Debug|x86.Build.0 = Debug|Win32
		{98ED9B03-BFCB-448A-9A88-6FB56A50C9DD}.libnpdata|x64.ActiveCfg = Release|x64
		{98ED9B03-BFCB-448A-9A88-6FB56A50C9DD}.libnpdata|x64.Build.0 = Release|x64
		{98ED9B03-BFCB-448A-9A88-6FB56A50C9DD}.libnpdata|x86.ActiveCfg = Release|Win32
		{98ED9B03-BFCB-448A-9A88-6FB56A50C9DD}.libnpdata|x86.Build.0 = Release|Win32
		{98ED9B03-BFCB-448A-9A88-6FB56A50C9DD}.pkg_read|x64.ActiveCfg = Release|x64
		{98ED9B03-BFCB-448A-9A88-6FB56A50C9DD}.pkg_read|x64.Build.0 = Release|x64
		{98ED9B03-BFCB-448A-9A88-6FB56A50C9DD}.pkg_read|x86.ActiveCfg = Release|Win32
		{98ED9B03-BFCB-448A-9A88-6FB56A50C9DD}.pkg_read|x86.Build.0 = Release|Win32
		{98ED9B03-BFCB-448A-9A88-6FB56A50C9DD}.Release|x64.ActiveCfg = Release|x64
		{98ED9B03-BFCB-448A-9A88-6FB56A50C9DD}.Release|x64.Build.0 = Release|x64
		{98ED9B03-BFCB-448A-9A88-6FB56A50C9DD}.Release|x86.ActiveCfg = Release|Win32
		{98ED9B03-BFCB-448A-9A88-6FB56A50C9DD}.Release|x86.Build.0 = Release|Win32
		{0458073A-67CE-4795-9BC9-08BC50E20975}.Debug|x64.ActiveCfg = Debug|x64
		{0458073A-67CE-4795-9BC9-08BC50E20975}.Debug|x64.Build.0 = Debug|x64
		{0458073A-67CE-4795-9BC9-08BC50E20975}.Debug|x86.ActiveCfg = Debug|Win32
		{0458073A-67CE-4795-9BC9-08BC50E20975}.Debug|x86.Build.0 = Debug|Win32
		{0458073A-67CE-4795-9BC9-08BC50E20975}.libnpdata|x64.ActiveCfg = Release|x64
		{0458073A-67CE-4795-9BC9-08BC50E20975}.libnpdata|x64.Build.0 = Release|x64
		{0458073A-67CE-4795-9BC9-08BC50E20975}.libnpdata|x86.ActiveCfg = Release|Win32
		{0458073A-67CE-4795-9BC9-08BC50E20975}.libnpdata|x86.Build.0 = Release|Win32
		{0458073A-67CE-4795-9BC9-08BC50E20975}.pkg_read|x64.ActiveCfg = Release|x64
		{0458073A-67CE-4795-9BC9-08BC50E20975}.pkg_read|x64.Build.0 = Release|x64
		{0458073A-67CE-4795-9BC9-08BC50E20975}.pkg_read|x86.ActiveCfg = Release|Win32
		{0458073A-67CE-4795-9BC9-08BC50E20975}.pkg_read|x86.Build.0 = Release|Win32
		{0458073A-67CE-4795-9BC9-08BC50E20975}.Release|x64.ActiveCfg = Release|x64
		{0458073A-67CE-4795-9BC9-08BC50E20975}.Release|x64.Build.0 = Release|x64
		{0458073A-67CE-4795-9BC9-08BC50E20975}.Release|x86.ActiveCfg = Release|Win32
		{0458073A-67CE-4795-9BC9-08BC50E20975}.Release|x86.Build.0 = Release|Win32
		{BD28CF90-4432-47B8-9F4F-10EA2D41475D}.Debug|x64.ActiveCfg = Debug|x64
		{BD28CF90-4432-47B8-9F4F-10EA2D41475D}.Debug|x64.Build.0 = Debug|x64
		{BD28CF90-4432-47B8-9F4F-10EA2D41475D}.Debug|x86.ActiveCfg = Debug|Win32
		{BD28CF90-4432-47B8-9F4F-10EA2D41475D}.Debug|x86.Build.0 = Debug|Win32
		{BD28CF90-4432-47B8-9F4F-10EA2D41475D}.libnpdata|x64.ActiveCfg = Release|x64
		{BD28CF90-4432-47B8-9F4F-10EA2D41475D}.libnpdata|x64.Build.0 = Release|x64
		{BD28CF90-4432-47B8-9F4F-10EA2D41475D}.libnpdata|x86.ActiveCfg = Release|Win32
		{BD28CF90-4432-47B8-9F4F-10EA2D41475D}.libnpdata|x86.Build.0 = Release|Win32
		{BD28CF90-4432-47B8-9F4F-10EA2D41475D}.pkg_read|x64.ActiveCfg = Release|x64
		{BD28CF90-4432-47B8-9F4F-10EA2D41475D}.pkg_read|x64.Build.0 = Release|x64
		{BD28CF90-4432-47B8-9F4F-10EA2D41475D}.pkg_read|x86.ActiveCfg = Release|Win32
		{BD28CF90-4432-47B8-9F4F-10EA2D41475D}.pkg_read|x86.Build.0 = Release|Win32
		{BD28CF90-4432-47B8-9F4F-10EA2D41475D}.Release|x64.ActiveCfg = Release|x64
		{BD28CF90-4432-47B8-9F4F-10EA2D41475D}.Release|x64.Build.0 = Release|x64
		{BD28CF90-4432-47B8-9F4F-10EA2D41475D}.Release|x86.ActiveCfg = Release|Win32
		{BD28CF90-4432-47B8-9F4F-10EA2D41475D}.Release|x86.Build.0 = Release|Win32
		{58B5D642-3FCA-4BC0-B36A-89C96DC1D6BC}.Debug|x64.ActiveCfg = Debug|x64
		{58B5D642-3FCA-4BC0-B36A-89C96DC1D6BC}.Debug|x64.Build.0 = Debug|x64
		{58B5D642-3FCA-4BC0-B36A-89C96DC1D6BC}.Debug|x86.ActiveCfg = Debug|Win32
		{58B5D642-3FCA-4BC0-B36A-89C96DC1D6BC}.Debug|x86.Build.0 = Debug|Win32
		{58B5D642-3FCA-4BC0-B36A-89C96DC1D6BC}.libnpdata|x64.ActiveCfg = Release|x64
		{58B5D642-3FCA-4BC0-B36A-89C96DC1D6BC}.libnpdata|x64.Build.0 = Release|x64
		{58B5D642-3FCA-4BC0-B36A-89C96DC1D6BC}.libnpdata|x86.ActiveCfg = Release|Win32
		{58B5D642-3FCA-4BC0-B36A-89C96DC1D6BC}.libnpdata|x86.Build.0 = Release|Win32
		{58B5D642-3FCA-4BC0-B36A-89C96DC1D6BC}.pkg_read|x64.ActiveCfg = Release|x64
		{58B5D642-3FCA-4BC0-B36A-89C96DC1D6BC}.pkg_read|x64.Build.0 = Release|x64
		{58B5D642-3FCA-4BC0-B36A-89C96DC1D6BC}.pkg_read|x86.ActiveCfg = Release|Win32
		{58B5D642-3FCA-4BC0-B36A-89C96DC1D6BC}.pkg_read|x86.Build.0 = Release|Win32
		{58B5D642-3FCA-4BC0-B36A-89C96DC1D6BC}.Release|x64.ActiveCfg = Release|x64
		{58B5D642-3FCA-4BC0-B36A-89C96DC1D6BC}.Release|x64.Build.0 = Release|x64
		{58B5D642-3FCA-4BC0-B36A-89C96DC1D6BC}.Release|x86.ActiveCfg = Release|Win32
		{58B5D642-3FCA-4BC0-B36A-89C96DC1D6BC}.Release|x86.Build.0 = Release|Win32
		{3EABCFA3-2D59-40D5-BE3A-B286DFBC0978}.Debug|x64.ActiveCfg = Debug|x64
		{3EABCFA3-2D59-40D5-BE3A-B286DFBC0978}.Debug|x64.Build.0 = Debug|x64
		{3EABCFA3-2D59-40D5-BE3A-B286DFBC0978}.Debug|x86.ActiveCfg = Debug|Win32
		{3EABCFA3-2D59-40D5-BE3A-B286DFBC0978}.Debug|x86.Build.0 = Debug|Win32
		{3EABCFA3-2D59-40D5-BE3A-B286DFBC0978}.libnpdata|x64.ActiveCfg = Release|x64
		{3EABCFA3-2D59-40D5-BE3A-B286DFBC0978}.libnpdata|x64.Build.0 = Release|x64
		{3EABCFA3-2D59-40D5-BE3A-B286DFBC0978}.libnpdata|x86.ActiveCfg = Release|Win32
		{3EABCFA3-2D59-40D5-BE3A-B286DFBC0978}.libnpdata|x86.Build.0 = Release|Win32
		{3EABCFA3-2D59-40D5-BE3A-B286DFBC0978}.pkg_read|x64.ActiveCfg = Release|x64
		{3EABCFA3-2D59-40D5-BE3A-B286DFBC0978}.pkg_read|x64.Build.0 = Release|x64
		{3EABCFA3-2D59-40D5-BE3A-B286DFBC0978}.pkg_read|x86.ActiveCfg = Release|Win32
		{3EABCFA3-2D59-40D5-BE3A-B286DFBC0978}.pkg_read|x86.Build.0 = Release|Win32
		{3EABCFA3-2D59-40D5-BE3A-B286DFBC0978}.Release|x64.ActiveCfg = Release|x64
		{3EABCFA3-2D59-40D5-BE3A-B286DFBC0978}.Release|x64.Build.0 = Release|x64
		{3EABCFA3-2D59-40D5-BE3A-B286DFBC0978}.Release|x86.ActiveCfg = Release|Win32
		{3EABCFA3-2D59-40D5-BE3A-B286DFBC0978}.Release|x86.Build.0 = Release|Win32
		{8E820670-A841-4283-A5B8-9C0E140A1750}.Debug|x64.ActiveCfg = Debug|x64
		{8E820670-A841-4283-A5B8-9C0E140A1750}.Debug|x64.Build.0 = Debug|x64
		{8E820670-A841-4283-A5B8-9C0E140A1750}.Debug|x86.ActiveCfg = Debug|Win32
		{8E820670-A841-4283-A5B8-9C0E140A1750}.Debug|x86.Build.0 = Debug|Win32
		{8E820670-A841-4283-A5B8-9C0E140A1750}.libnpdata|x64.ActiveCfg = Release|x64
		{8E820670-A841-4283-A5B8-9C0E140A1750}.libnpdata|x64.Build.0 = Release|x64
		{8E820670-A841-4283-A5B8-9C0E140A1750}.libnpdata|x86.ActiveCfg = Release|Win32
		{8E820670-A841-4283-A5B8-9C0E140A1750}.libnpdata|x86.Build.0 = Release|Win32
		{8E820670-A841-4283-A5B8-9C0E140A1750}.pkg_read|x64.ActiveCfg = Release|x64
		{8E820670-A841-4283-A5B8-9C0E140A1750}.pkg_read|x64.Build.0 = Release|x64
		{8E820670-A841-4283-A5B8-9C0E140A1750}.pkg_read|x86.ActiveCfg = Release|Win32
		{8E820670-A841-4283-A5B8-9C0E140A1750}.pkg_read|x86.Build.0 = Release|Win32
		{8E820670-A841-4283-A5B8-9C0E140A1750}.Release|x64.ActiveCfg = Release|x64
		{8E820670-A841-4283-A5B8-9C0E140A1750}.Release|x64.Build.0 = Release|x64
		{8E820670-A841-4283-A5B8-9C0E140A1750}.Release|x86.ActiveCfg = Release|Win32
		{8E820670-A841-4283-A5B8-9C0E140A1750}.Release|x86.Build.0 = Release|Win32
		{B86E1508-26B6-465B-ABEC-A35E07E2A187}.Debug|x64.ActiveCfg = Debug|x64
		{B86E1508-26B6-465B-ABEC-A35E07E2A187}.Debug|x64.Build.0 = Debug|x64
		{B86E1508-26B6-465B-ABEC-A35E07E2A187}.Debug|x86.ActiveCfg = Debug|Win32
		{B86E1508-26B6-465B-ABEC-A35E07E2A187}.Debug|x86.Build.0 = Debug|Win32
		{B86E1508-26B6-465B-ABEC-A35E07E2A187}.libnpdata|x64.ActiveCfg = libnpdata|x64
		{B86E1508-26B6-465B-ABEC-A35E07E2A187}.libnpdata|x64.Build.0 = libnpdata|x64
		{B86E1508-26B6-465B-ABEC-A35E07E2A187}.libnpdata|x86.ActiveCfg = libnpdata|Win32
		{B86E1508-26B6-465B-ABEC-A35E07E2A187}.libnpdata|x86.Build.0 = libnpdata|Win32
		{B86E1508-26B6-465B-ABEC-A35E07E2A187}.pkg_read|x64.ActiveCfg = Release|x64
		{B86E1508-26B6-465B-ABEC-A35E07E2A187}.pkg_read|x64.Build.0 = Release|x64
		{B86E1508-26B6-465B-ABEC-A35E07E2A187}.pkg_read|x86.ActiveCfg = Release|Win32
		{B86E1508-26B6-465B-ABEC-A35E07E2A187}.pkg_read|x86.Build.0 = Release|Win32
		{B86E1508-26B6-465B-ABEC-A35E07E2A187}.Release|x64.ActiveCfg = Release|x64
		{B86E1508-26B6-465B-ABEC-A35E07E2A187}.Release|x64.Build.0 = Release|x64
		{B86E1508-26B6-465B-ABEC-A35E07E2A187}.Release|x86.ActiveCfg = Release|Win32
		{B86E1508-26B6-465B-ABEC-A35E07E2A187}.Release|x86.Build.0 = Release|Win32
		{DCBABBE7-62EC-4A0C-BC71-4102C824F26F}.Debug|x64.ActiveCfg = Debug|x64
		{DCBABBE7-62EC-4A0C-BC71-4102C824F26F}.Debug|x64.Build.0 = Debug|x64
		{DCBABBE7-62EC-4A0C-BC71-4102C824F26F}.Debug|x86.ActiveCfg = Debug|Win32
		{DCBABBE7-62EC-4A0C-BC71-4102C824F26F}.Debug|x86.Build.0 = Debug|Win32
		{DCBABBE7-62EC-4A0C-BC71-4102C824F26F}.libnpdata|x64.ActiveCfg = Release|x64
		{DCBABBE7-62EC-4A0C-BC71-4102C824F26F}.libnpdata|x64.Build.0 = Release|x64
		{DCBABBE7-62EC-4A0C-BC71-4102C824F26F}.libnpdata|x86.ActiveCfg = Release|Win32
		{DCBABBE7-62EC-4A0C-BC71-4102C824F26F}.libnpdata|x86.Build.0 = Release|Win32
		{DCBABBE7-62EC-4A0C-BC71-4102C824F26F}.pkg_read|x64.ActiveCfg = Release|x64
		{DCBABBE7-62EC-4A0C-BC71-4102C824F26F}.pkg_read|x64.Build.0 = Release|x64
		{DCBABBE7-62EC-4A0C-BC71-4102C824F26F}.pkg_read|x86.ActiveCfg = Release|Win32
		{DCBABBE7-62EC-4A0C-BC71-4102C824F26F}.pkg_read|x86.Build.0 = Release|Win32
		{DCBABBE7-62EC-4A0C-BC71-4102C824F26F}.Release|x64.ActiveCfg = Release|x64
		{DCBABBE7-62EC-4A0C-BC71-4102C824F26F}.Release|x64.Build.0 = Release|x64
		{DCBABBE7-62EC-4A0C-BC71-4102C824F26F}.Release|x86.ActiveCfg = Release|Win32
		{DCBABBE7-62EC-4A0C-BC71-4102C824F26F}.Release|x86.Build.0 = Release|Win32
		{D1E45D77-1D09-4C28-8E42-FEA097385BBB}.Debug|x64.ActiveCfg = Debug|x64
		{D1E45D77-1D09-4C28-8E42-FEA097385BBB}.Debug|x64.Build.0 = Debug|x64
		{D1E45D77-1D09-4C28-8E42-FEA097385BBB}.Debug|x86.ActiveCfg = Debug|Win32
		{D1E45D77-1D09-4C28-8E42-FEA097385BBB}.Debug|x86.Build.0 = Debug|Win32
		{D1E45D77-1D09-4C28-8E42-FEA097385BBB}.libnpdata|x64.ActiveCfg = Release|x64
		{D1E45D77-1D09-4C28-8E42-FEA097385BBB}.libnpdata|x64.Build.0 = Release|x64
		{D1E45D77-1D09-4C28-8E42-FEA097385BBB}.libnpdata|x86.ActiveCfg = Release|Win32
		{D1E45D77-1D09-4C28-8E42-FEA097385BBB}.libnpdata|x86.Build.0 = Release|Win32
		{D1E45D77-1D09-4C28-8E42-FEA097385BBB}.pkg_read|x64.ActiveCfg = pkg_read|x64
		{D1E45D77-1D09-4C28-8E42-FEA097385BBB}.pkg_read|x64.Build.0 = pkg_read|x64
		{D1E45D77-1D09-4C28-8E42-FEA097385BBB}.pkg_read|x86.ActiveCfg = pkg_read|Win32
		{D1E45D77-1D09-4C28-8E42-FEA097385BBB}.pkg_read|x86.Build.0 = pkg_read|Win32
		{D1E45D77-1D09-4C28-8E42-FEA097385BBB}.Release|x64.ActiveCfg = Release|x64
		{D1E45D77-1D09-4C28-8E42-FEA097385BBB}.Release|x64.Build.0 = Release|x64
		{D1E45D77-1D09-4C28-8E42-FEA097385BBB}.Release|x86.ActiveCfg = Release|Win32
		{D1E45D77-1D09-4C28-8E42-FEA097385BBB}.Release|x86.Build.0 = Release|Win32
		{A67C2A7E-1383-4F99-AB54-64AEAEA5A410}.Debug|x64.ActiveCfg = Debug|x64
		{A67C2A7E-1383-4F99-AB54-64AEAEA5A410}.Debug|x64.Build.0 = Debug|x64
		{A67C2A7E-1383-4F99-AB54-64AEAEA5A410}.Debug|x86.ActiveCfg = Debug|Win32
		{A67C2A7E-1383-4F99-AB54-64AEAEA5A410}.Debug|x86.Build.0 = Debug|Win32
		{A67C2A7E-1383-4F99-AB54-64AEAEA5A410}.libnpdata|x64.ActiveCfg = Release|x64
		{A67C2A7E-1383-4F99-AB54-64AEAEA5A410}.libnpdata|x64.Build.0 = Release|x64
		{A67C2A7E-1383-4F99-AB54-64AEAEA5A410}.libnpdata|x86.ActiveCfg = Release|Win32
		{A67C2A7E-1383-4F99-AB54-64AEAEA5A410}.libnpdata|x86.Build.0 = Release|Win32
		{A67C2A7E-1383-4F99-AB54-64AEAEA5A410}.pkg_read|x64.ActiveCfg = Release|x64
		{A67C2A7E-1383-4F99-AB54-64AEAEA5A410}.pkg_read|x64.Build.0 = Release|x64
		{A67C2A7E-1383-4F99-AB54-64AEAEA5A410}.pkg_read|x86.ActiveCfg = Release|Win32
		{A67C2A7E-1383-4F99-AB54-64AEAEA5A410}.pkg_read|x86.Build.0 = Release|Win32
		{A67C2A7E-1383-4F99-AB54-64AEAEA5A410}.Release|x64.ActiveCfg = Release|x64
		{A67C2A7E-1383-4F99-AB54-64AEAEA5A410}.Release|x64.Build.0 = Release|x64
		{A67C2A7E-1383-4F99-AB54-64AEAEA5A410}.Release|x86.ActiveCfg = Release|Win32
		{A67C2A7E-1383-4F99-AB54-64AEAEA5A410}.Release|x86.Build.0 = Release|Win32
	EndGlobalSection
	GlobalSection(SolutionProperties) = preSolution
		HideSolutionNode = FALSE
	EndGlobalSection
	GlobalSection(ExtensibilityGlobals) = postSolution
		SolutionGuid = {09DD7FE0-7D43-4B40-9E48-9B9C61FEC0F8}
	EndGlobalSection
EndGlobal
